
Microsoft Visual Studio Solution File, Format Version 12.00
# Visual Studio 15
VisualStudioVersion = 15.0.28307.1267
MinimumVisualStudioVersion = 10.0.40219.1
Project("{FAE04EC0-301F-11D3-BF4B-00C04F79EFBC}") = "ImproveProgramming", "ImproveProgramming\ImproveProgramming.csproj", "{990EC0CF-B92A-4EC9-82C0-F43220693BA6}"
EndProject
Global
	GlobalSection(SolutionConfigurationPlatforms) = preSolution
		Debug|Any CPU = Debug|Any CPU
		Release|Any CPU = Release|Any CPU
	EndGlobalSection
	GlobalSection(ProjectConfigurationPlatforms) = postSolution
		{990EC0CF-B92A-4EC9-82C0-F43220693BA6}.Debug|Any CPU.ActiveCfg = Debug|Any CPU
		{990EC0CF-B92A-4EC9-82C0-F43220693BA6}.Debug|Any CPU.Build.0 = Debug|Any CPU
		{990EC0CF-B92A-4EC9-82C0-F43220693BA6}.Release|Any CPU.ActiveCfg = Release|Any CPU
		{990EC0CF-B92A-4EC9-82C0-F43220693BA6}.Release|Any CPU.Build.0 = Release|Any CPU
	EndGlobalSection
	GlobalSection(SolutionProperties) = preSolution
		HideSolutionNode = FALSE
	EndGlobalSection
	GlobalSection(ExtensibilityGlobals) = postSolution
		SolutionGuid = {34956AE1-02D2-488B-9992-115A665FCC59}
	EndGlobalSection
EndGlobal
